
Microsoft Visual Studio Solution File, Format Version 12.00
# Visual Studio Version 17
VisualStudioVersion = 17.6.33723.286
MinimumVisualStudioVersion = 10.0.40219.1
Project("{8BC9CEB8-8B4A-11D0-8D11-00A0C91BC942}") = "10day-2", "10day-2\10day-2.vcxproj", "{992E662E-D130-4844-8CB8-013BA840A3F9}"
EndProject
Global
	GlobalSection(SolutionConfigurationPlatforms) = preSolution
		Debug|x64 = Debug|x64
		Release|x64 = Release|x64
	EndGlobalSection
	GlobalSection(ProjectConfigurationPlatforms) = postSolution
		{992E662E-D130-4844-8CB8-013BA840A3F9}.Debug|x64.ActiveCfg = Debug|x64
		{992E662E-D130-4844-8CB8-013BA840A3F9}.Debug|x64.Build.0 = Debug|x64
		{992E662E-D130-4844-8CB8-013BA840A3F9}.Release|x64.ActiveCfg = Release|x64
		{992E662E-D130-4844-8CB8-013BA840A3F9}.Release|x64.Build.0 = Release|x64
	EndGlobalSection
	GlobalSection(SolutionProperties) = preSolution
		HideSolutionNode = FALSE
	EndGlobalSection
	GlobalSection(ExtensibilityGlobals) = postSolution
		SolutionGuid = {B8B2601E-02BD-48E7-81EF-ECD9E968ACF2}
	EndGlobalSection
EndGlobal
